// !$*UTF8*$!
{
	archiveVersion = 1;
	classes = {
	};
	objectVersion = 56;
	objects = {

/* Begin PBXBuildFile section */
		9F021F9A2A30BA2000DD6390 /* Machine.swift in Sources */ = {isa = PBXBuildFile; fileRef = 9F021F992A30BA2000DD6390 /* Machine.swift */; };
		9F0A1B2E2AB67386006AF1D2 /* Defaults.swift in Sources */ = {isa = PBXBuildFile; fileRef = 9F0A1B2D2AB67386006AF1D2 /* Defaults.swift */; };
		9F11AD642A5388F7001D38A6 /* Attestation.swift in Sources */ = {isa = PBXBuildFile; fileRef = 9F11AD632A5388F7001D38A6 /* Attestation.swift */; };
		9F18E2062ABE16C300E2C8A9 /* LaunchRecord.swift in Sources */ = {isa = PBXBuildFile; fileRef = 9F18E2052ABE16C300E2C8A9 /* LaunchRecord.swift */; };
		9F18E2082ABE17B400E2C8A9 /* LaunchRecordJSONFile.swift in Sources */ = {isa = PBXBuildFile; fileRef = 9F18E2072ABE17B400E2C8A9 /* LaunchRecordJSONFile.swift */; };
		9F3837322A8ED0D500489702 /* Device.swift in Sources */ = {isa = PBXBuildFile; fileRef = 9F3837312A8ED0D500489702 /* Device.swift */; };
		9F4FE9252AD6078C003A9F8B /* UUID.swift in Sources */ = {isa = PBXBuildFile; fileRef = 9F4FE9242AD6078C003A9F8B /* UUID.swift */; };
		9F5372A82A30883800B071CF /* Launch.swift in Sources */ = {isa = PBXBuildFile; fileRef = 9F5372A72A30883800B071CF /* Launch.swift */; };
		9F5555AD2AC8C76C0088B553 /* AppInfo.swift in Sources */ = {isa = PBXBuildFile; fileRef = 9F5555AC2AC8C76C0088B553 /* AppInfo.swift */; };
		9F585E512A5F466F00CF13F6 /* Delegate.swift in Sources */ = {isa = PBXBuildFile; fileRef = 9F585E502A5F466F00CF13F6 /* Delegate.swift */; };
		9F7531F02ABD0D8500C17D60 /* Target.swift in Sources */ = {isa = PBXBuildFile; fileRef = 9F7531EF2ABD0D8500C17D60 /* Target.swift */; };
		9F7E5E792ACD00EC00130B34 /* Logger.swift in Sources */ = {isa = PBXBuildFile; fileRef = 9F7E5E782ACD00EC00130B34 /* Logger.swift */; };
		9F7E5E7B2ACD011F00130B34 /* Platform.swift in Sources */ = {isa = PBXBuildFile; fileRef = 9F7E5E7A2ACD011F00130B34 /* Platform.swift */; };
		9F7E5E7D2ACD296800130B34 /* Event.swift in Sources */ = {isa = PBXBuildFile; fileRef = 9F7E5E7C2ACD296800130B34 /* Event.swift */; };
		9F83CC982A376DAE0033C136 /* Neander.swift in Sources */ = {isa = PBXBuildFile; fileRef = 9F83CC972A376DAE0033C136 /* Neander.swift */; };
		9F8E59E22A3008FE0005C30E /* LaunchesView.swift in Sources */ = {isa = PBXBuildFile; fileRef = 9F8E59E12A3008FE0005C30E /* LaunchesView.swift */; };
		9FB9FC562ACB5423002837A6 /* Environment.swift in Sources */ = {isa = PBXBuildFile; fileRef = 9FB9FC552ACB5423002837A6 /* Environment.swift */; };
		9FB9FC582ACB54D9002837A6 /* Application.swift in Sources */ = {isa = PBXBuildFile; fileRef = 9FB9FC572ACB54D9002837A6 /* Application.swift */; };
		9FBC3B9D2A33003700D65C29 /* BinaryView.swift in Sources */ = {isa = PBXBuildFile; fileRef = 9FBC3B9C2A33003700D65C29 /* BinaryView.swift */; };
		9FCA03B229B300CB00923DB7 /* BootView.swift in Sources */ = {isa = PBXBuildFile; fileRef = 9FCA03B129B300CB00923DB7 /* BootView.swift */; };
		9FCEE7032A5B033E008E12A1 /* Person.swift in Sources */ = {isa = PBXBuildFile; fileRef = 9FCEE7022A5B033E008E12A1 /* Person.swift */; };
		9FE05A952ACEC9A8004426F1 /* MACAddress.swift in Sources */ = {isa = PBXBuildFile; fileRef = 9FE05A942ACEC9A8004426F1 /* MACAddress.swift */; };
		9FFB125C2A31B6F200F58C84 /* NeanderView.swift in Sources */ = {isa = PBXBuildFile; fileRef = 9FFB125B2A31B6F200F58C84 /* NeanderView.swift */; };
		9FFB125E2A31B74D00F58C84 /* ContentView.swift in Sources */ = {isa = PBXBuildFile; fileRef = 9FFB125D2A31B74D00F58C84 /* ContentView.swift */; };
		9FFD29A729A68DD100B08B4E /* App.swift in Sources */ = {isa = PBXBuildFile; fileRef = 9FFD29A629A68DD100B08B4E /* App.swift */; };
		9FFD29A929A68DD100B08B4E /* SettingsView.swift in Sources */ = {isa = PBXBuildFile; fileRef = 9FFD29A829A68DD100B08B4E /* SettingsView.swift */; };
		9FFD29AB29A68DD200B08B4E /* Assets.xcassets in Resources */ = {isa = PBXBuildFile; fileRef = 9FFD29AA29A68DD200B08B4E /* Assets.xcassets */; };
		9FFD29AF29A68DD200B08B4E /* Preview Assets.xcassets in Resources */ = {isa = PBXBuildFile; fileRef = 9FFD29AE29A68DD200B08B4E /* Preview Assets.xcassets */; };
		9FFD29B929A68DD200B08B4E /* AlgorithmTests.swift in Sources */ = {isa = PBXBuildFile; fileRef = 9FFD29B829A68DD200B08B4E /* AlgorithmTests.swift */; };
		9FFD29C329A68DD200B08B4E /* AlgorithmUITests.swift in Sources */ = {isa = PBXBuildFile; fileRef = 9FFD29C229A68DD200B08B4E /* AlgorithmUITests.swift */; };
		9FFD29C529A68DD200B08B4E /* AlgorithmUITestsLaunchTests.swift in Sources */ = {isa = PBXBuildFile; fileRef = 9FFD29C429A68DD200B08B4E /* AlgorithmUITestsLaunchTests.swift */; };
/* End PBXBuildFile section */

/* Begin PBXContainerItemProxy section */
		9FFD29B529A68DD200B08B4E /* PBXContainerItemProxy */ = {
			isa = PBXContainerItemProxy;
			containerPortal = 9FFD299B29A68DD100B08B4E /* Project object */;
			proxyType = 1;
			remoteGlobalIDString = 9FFD29A229A68DD100B08B4E;
			remoteInfo = Algorithm;
		};
		9FFD29BF29A68DD200B08B4E /* PBXContainerItemProxy */ = {
			isa = PBXContainerItemProxy;
			containerPortal = 9FFD299B29A68DD100B08B4E /* Project object */;
			proxyType = 1;
			remoteGlobalIDString = 9FFD29A229A68DD100B08B4E;
			remoteInfo = Algorithm;
		};
/* End PBXContainerItemProxy section */

/* Begin PBXFileReference section */
		9F021F992A30BA2000DD6390 /* Machine.swift */ = {isa = PBXFileReference; lastKnownFileType = sourcecode.swift; path = Machine.swift; sourceTree = "<group>"; };
		9F0A1B2D2AB67386006AF1D2 /* Defaults.swift */ = {isa = PBXFileReference; lastKnownFileType = sourcecode.swift; path = Defaults.swift; sourceTree = "<group>"; };
		9F11AD632A5388F7001D38A6 /* Attestation.swift */ = {isa = PBXFileReference; lastKnownFileType = sourcecode.swift; path = Attestation.swift; sourceTree = "<group>"; };
		9F18E2052ABE16C300E2C8A9 /* LaunchRecord.swift */ = {isa = PBXFileReference; fileEncoding = 4; lastKnownFileType = sourcecode.swift; path = LaunchRecord.swift; sourceTree = "<group>"; };
		9F18E2072ABE17B400E2C8A9 /* LaunchRecordJSONFile.swift */ = {isa = PBXFileReference; fileEncoding = 4; lastKnownFileType = sourcecode.swift; path = LaunchRecordJSONFile.swift; sourceTree = "<group>"; };
		9F3837312A8ED0D500489702 /* Device.swift */ = {isa = PBXFileReference; lastKnownFileType = sourcecode.swift; path = Device.swift; sourceTree = "<group>"; };
		9F4FE9242AD6078C003A9F8B /* UUID.swift */ = {isa = PBXFileReference; lastKnownFileType = sourcecode.swift; path = UUID.swift; sourceTree = "<group>"; };
		9F5372A72A30883800B071CF /* Launch.swift */ = {isa = PBXFileReference; lastKnownFileType = sourcecode.swift; path = Launch.swift; sourceTree = "<group>"; };
		9F5555AC2AC8C76C0088B553 /* AppInfo.swift */ = {isa = PBXFileReference; fileEncoding = 4; lastKnownFileType = sourcecode.swift; path = AppInfo.swift; sourceTree = "<group>"; };
		9F585E502A5F466F00CF13F6 /* Delegate.swift */ = {isa = PBXFileReference; lastKnownFileType = sourcecode.swift; path = Delegate.swift; sourceTree = "<group>"; };
		9F7531EF2ABD0D8500C17D60 /* Target.swift */ = {isa = PBXFileReference; lastKnownFileType = sourcecode.swift; path = Target.swift; sourceTree = "<group>"; };
		9F7E5E782ACD00EC00130B34 /* Logger.swift */ = {isa = PBXFileReference; lastKnownFileType = sourcecode.swift; path = Logger.swift; sourceTree = "<group>"; };
		9F7E5E7A2ACD011F00130B34 /* Platform.swift */ = {isa = PBXFileReference; lastKnownFileType = sourcecode.swift; path = Platform.swift; sourceTree = "<group>"; };
		9F7E5E7C2ACD296800130B34 /* Event.swift */ = {isa = PBXFileReference; lastKnownFileType = sourcecode.swift; path = Event.swift; sourceTree = "<group>"; };
		9F83CC972A376DAE0033C136 /* Neander.swift */ = {isa = PBXFileReference; lastKnownFileType = sourcecode.swift; path = Neander.swift; sourceTree = "<group>"; };
		9F8C39512A3A39DC004DEAF0 /* Lab.playground */ = {isa = PBXFileReference; lastKnownFileType = file.playground; path = Lab.playground; sourceTree = "<group>"; xcLanguageSpecificationIdentifier = xcode.lang.swift; };
		9F8E59E12A3008FE0005C30E /* LaunchesView.swift */ = {isa = PBXFileReference; lastKnownFileType = sourcecode.swift; path = LaunchesView.swift; sourceTree = "<group>"; };
		9FB9FC552ACB5423002837A6 /* Environment.swift */ = {isa = PBXFileReference; lastKnownFileType = sourcecode.swift; path = Environment.swift; sourceTree = "<group>"; };
		9FB9FC572ACB54D9002837A6 /* Application.swift */ = {isa = PBXFileReference; lastKnownFileType = sourcecode.swift; path = Application.swift; sourceTree = "<group>"; };
		9FBC3B9C2A33003700D65C29 /* BinaryView.swift */ = {isa = PBXFileReference; lastKnownFileType = sourcecode.swift; path = BinaryView.swift; sourceTree = "<group>"; };
		9FCA03B129B300CB00923DB7 /* BootView.swift */ = {isa = PBXFileReference; fileEncoding = 4; lastKnownFileType = sourcecode.swift; path = BootView.swift; sourceTree = "<group>"; };
		9FCEE7022A5B033E008E12A1 /* Person.swift */ = {isa = PBXFileReference; lastKnownFileType = sourcecode.swift; path = Person.swift; sourceTree = "<group>"; };
		9FE05A942ACEC9A8004426F1 /* MACAddress.swift */ = {isa = PBXFileReference; lastKnownFileType = sourcecode.swift; path = MACAddress.swift; sourceTree = "<group>"; };
		9FF7F2582A2FBE920010D9FD /* Info.plist */ = {isa = PBXFileReference; lastKnownFileType = text.plist; path = Info.plist; sourceTree = "<group>"; };
		9FFB125B2A31B6F200F58C84 /* NeanderView.swift */ = {isa = PBXFileReference; lastKnownFileType = sourcecode.swift; path = NeanderView.swift; sourceTree = "<group>"; };
		9FFB125D2A31B74D00F58C84 /* ContentView.swift */ = {isa = PBXFileReference; lastKnownFileType = sourcecode.swift; path = ContentView.swift; sourceTree = "<group>"; };
		9FFD29A329A68DD100B08B4E /* Algorithm.app */ = {isa = PBXFileReference; explicitFileType = wrapper.application; includeInIndex = 0; path = Algorithm.app; sourceTree = BUILT_PRODUCTS_DIR; };
		9FFD29A629A68DD100B08B4E /* App.swift */ = {isa = PBXFileReference; lastKnownFileType = sourcecode.swift; path = App.swift; sourceTree = "<group>"; };
		9FFD29A829A68DD100B08B4E /* SettingsView.swift */ = {isa = PBXFileReference; lastKnownFileType = sourcecode.swift; path = SettingsView.swift; sourceTree = "<group>"; };
		9FFD29AA29A68DD200B08B4E /* Assets.xcassets */ = {isa = PBXFileReference; lastKnownFileType = folder.assetcatalog; path = Assets.xcassets; sourceTree = "<group>"; };
		9FFD29AC29A68DD200B08B4E /* Algorithm.entitlements */ = {isa = PBXFileReference; lastKnownFileType = text.plist.entitlements; path = Algorithm.entitlements; sourceTree = "<group>"; };
		9FFD29AE29A68DD200B08B4E /* Preview Assets.xcassets */ = {isa = PBXFileReference; lastKnownFileType = folder.assetcatalog; path = "Preview Assets.xcassets"; sourceTree = "<group>"; };
		9FFD29B429A68DD200B08B4E /* AlgorithmTests.xctest */ = {isa = PBXFileReference; explicitFileType = wrapper.cfbundle; includeInIndex = 0; path = AlgorithmTests.xctest; sourceTree = BUILT_PRODUCTS_DIR; };
		9FFD29B829A68DD200B08B4E /* AlgorithmTests.swift */ = {isa = PBXFileReference; lastKnownFileType = sourcecode.swift; path = AlgorithmTests.swift; sourceTree = "<group>"; };
		9FFD29BE29A68DD200B08B4E /* AlgorithmUITests.xctest */ = {isa = PBXFileReference; explicitFileType = wrapper.cfbundle; includeInIndex = 0; path = AlgorithmUITests.xctest; sourceTree = BUILT_PRODUCTS_DIR; };
		9FFD29C229A68DD200B08B4E /* AlgorithmUITests.swift */ = {isa = PBXFileReference; lastKnownFileType = sourcecode.swift; path = AlgorithmUITests.swift; sourceTree = "<group>"; };
		9FFD29C429A68DD200B08B4E /* AlgorithmUITestsLaunchTests.swift */ = {isa = PBXFileReference; lastKnownFileType = sourcecode.swift; path = AlgorithmUITestsLaunchTests.swift; sourceTree = "<group>"; };
/* End PBXFileReference section */

/* Begin PBXFrameworksBuildPhase section */
		9FFD29A029A68DD100B08B4E /* Frameworks */ = {
			isa = PBXFrameworksBuildPhase;
			buildActionMask = 2147483647;
			files = (
			);
			runOnlyForDeploymentPostprocessing = 0;
		};
		9FFD29B129A68DD200B08B4E /* Frameworks */ = {
			isa = PBXFrameworksBuildPhase;
			buildActionMask = 2147483647;
			files = (
			);
			runOnlyForDeploymentPostprocessing = 0;
		};
		9FFD29BB29A68DD200B08B4E /* Frameworks */ = {
			isa = PBXFrameworksBuildPhase;
			buildActionMask = 2147483647;
			files = (
			);
			runOnlyForDeploymentPostprocessing = 0;
		};
/* End PBXFrameworksBuildPhase section */

/* Begin PBXGroup section */
		9F5372A92A3095F600B071CF /* View */ = {
			isa = PBXGroup;
			children = (
				9FFD29A629A68DD100B08B4E /* App.swift */,
				9F585E502A5F466F00CF13F6 /* Delegate.swift */,
				9FFB125D2A31B74D00F58C84 /* ContentView.swift */,
				9FFB125B2A31B6F200F58C84 /* NeanderView.swift */,
				9FBC3B9C2A33003700D65C29 /* BinaryView.swift */,
				9FFB125A2A31B6AE00F58C84 /* Settings */,
			);
			path = View;
			sourceTree = "<group>";
		};
		9F7531EE2ABD0D2700C17D60 /* System */ = {
			isa = PBXGroup;
			children = (
				9F7E5E782ACD00EC00130B34 /* Logger.swift */,
				9FCEE7022A5B033E008E12A1 /* Person.swift */,
				9F7E5E7A2ACD011F00130B34 /* Platform.swift */,
				9F0A1B2D2AB67386006AF1D2 /* Defaults.swift */,
				9F11AD632A5388F7001D38A6 /* Attestation.swift */,
				9FB9FC552ACB5423002837A6 /* Environment.swift */,
			);
			path = System;
			sourceTree = "<group>";
		};
		9F8C39502A3A39A3004DEAF0 /* Playgrounds */ = {
			isa = PBXGroup;
			children = (
				9F8C39512A3A39DC004DEAF0 /* Lab.playground */,
			);
			path = Playgrounds;
			sourceTree = "<group>";
		};
		9F8E59E32A3014A40005C30E /* Model */ = {
			isa = PBXGroup;
			children = (
				9F021F992A30BA2000DD6390 /* Machine.swift */,
				9F83CC972A376DAE0033C136 /* Neander.swift */,
			);
			path = Model;
			sourceTree = "<group>";
		};
		9FCEE7002A5B0216008E12A1 /* Application */ = {
			isa = PBXGroup;
			children = (
				9FB9FC572ACB54D9002837A6 /* Application.swift */,
				9F3837312A8ED0D500489702 /* Device.swift */,
				9F7531EF2ABD0D8500C17D60 /* Target.swift */,
				9FCEE7012A5B0271008E12A1 /* Lifecycle */,
				9F7531EE2ABD0D2700C17D60 /* System */,
			);
			path = Application;
			sourceTree = "<group>";
		};
		9FCEE7012A5B0271008E12A1 /* Lifecycle */ = {
			isa = PBXGroup;
			children = (
				9F7E5E7C2ACD296800130B34 /* Event.swift */,
				9F5372A72A30883800B071CF /* Launch.swift */,
				9F18E2052ABE16C300E2C8A9 /* LaunchRecord.swift */,
				9F18E2072ABE17B400E2C8A9 /* LaunchRecordJSONFile.swift */,
			);
			path = Lifecycle;
			sourceTree = "<group>";
		};
		9FE05A932ACEC95D004426F1 /* Values */ = {
			isa = PBXGroup;
			children = (
				9FE05A942ACEC9A8004426F1 /* MACAddress.swift */,
				9F4FE9242AD6078C003A9F8B /* UUID.swift */,
			);
			path = Values;
			sourceTree = "<group>";
		};
		9FFB125A2A31B6AE00F58C84 /* Settings */ = {
			isa = PBXGroup;
			children = (
				9FFD29A829A68DD100B08B4E /* SettingsView.swift */,
				9F5555AC2AC8C76C0088B553 /* AppInfo.swift */,
				9F8E59E12A3008FE0005C30E /* LaunchesView.swift */,
				9FCA03B129B300CB00923DB7 /* BootView.swift */,
			);
			path = Settings;
			sourceTree = "<group>";
		};
		9FFD299A29A68DD100B08B4E = {
			isa = PBXGroup;
			children = (
				9FFD29A529A68DD100B08B4E /* Algorithm */,
				9FFD29B729A68DD200B08B4E /* AlgorithmTests */,
				9FFD29C129A68DD200B08B4E /* AlgorithmUITests */,
				9F8C39502A3A39A3004DEAF0 /* Playgrounds */,
				9FFD29A429A68DD100B08B4E /* Products */,
			);
			sourceTree = "<group>";
		};
		9FFD29A429A68DD100B08B4E /* Products */ = {
			isa = PBXGroup;
			children = (
				9FFD29A329A68DD100B08B4E /* Algorithm.app */,
				9FFD29B429A68DD200B08B4E /* AlgorithmTests.xctest */,
				9FFD29BE29A68DD200B08B4E /* AlgorithmUITests.xctest */,
			);
			name = Products;
			sourceTree = "<group>";
		};
		9FFD29A529A68DD100B08B4E /* Algorithm */ = {
			isa = PBXGroup;
			children = (
				9FCEE7002A5B0216008E12A1 /* Application */,
				9F5372A92A3095F600B071CF /* View */,
				9F8E59E32A3014A40005C30E /* Model */,
				9FE05A932ACEC95D004426F1 /* Values */,
				9FF7F2582A2FBE920010D9FD /* Info.plist */,
				9FFD29AA29A68DD200B08B4E /* Assets.xcassets */,
				9FFD29AC29A68DD200B08B4E /* Algorithm.entitlements */,
				9FFD29AD29A68DD200B08B4E /* Preview Content */,
			);
			path = Algorithm;
			sourceTree = "<group>";
		};
		9FFD29AD29A68DD200B08B4E /* Preview Content */ = {
			isa = PBXGroup;
			children = (
				9FFD29AE29A68DD200B08B4E /* Preview Assets.xcassets */,
			);
			path = "Preview Content";
			sourceTree = "<group>";
		};
		9FFD29B729A68DD200B08B4E /* AlgorithmTests */ = {
			isa = PBXGroup;
			children = (
				9FFD29B829A68DD200B08B4E /* AlgorithmTests.swift */,
			);
			path = AlgorithmTests;
			sourceTree = "<group>";
		};
		9FFD29C129A68DD200B08B4E /* AlgorithmUITests */ = {
			isa = PBXGroup;
			children = (
				9FFD29C229A68DD200B08B4E /* AlgorithmUITests.swift */,
				9FFD29C429A68DD200B08B4E /* AlgorithmUITestsLaunchTests.swift */,
			);
			path = AlgorithmUITests;
			sourceTree = "<group>";
		};
/* End PBXGroup section */

/* Begin PBXNativeTarget section */
		9FFD29A229A68DD100B08B4E /* Algorithm */ = {
			isa = PBXNativeTarget;
			buildConfigurationList = 9FFD29C829A68DD200B08B4E /* Build configuration list for PBXNativeTarget "Algorithm" */;
			buildPhases = (
				9FFD299F29A68DD100B08B4E /* Sources */,
				9FFD29A029A68DD100B08B4E /* Frameworks */,
				9FFD29A129A68DD100B08B4E /* Resources */,
			);
			buildRules = (
			);
			dependencies = (
			);
			name = Algorithm;
			packageProductDependencies = (
			);
			productName = Algorithm;
			productReference = 9FFD29A329A68DD100B08B4E /* Algorithm.app */;
			productType = "com.apple.product-type.application";
		};
		9FFD29B329A68DD200B08B4E /* AlgorithmTests */ = {
			isa = PBXNativeTarget;
			buildConfigurationList = 9FFD29CB29A68DD200B08B4E /* Build configuration list for PBXNativeTarget "AlgorithmTests" */;
			buildPhases = (
				9FFD29B029A68DD200B08B4E /* Sources */,
				9FFD29B129A68DD200B08B4E /* Frameworks */,
				9FFD29B229A68DD200B08B4E /* Resources */,
			);
			buildRules = (
			);
			dependencies = (
				9FFD29B629A68DD200B08B4E /* PBXTargetDependency */,
			);
			name = AlgorithmTests;
			productName = AlgorithmTests;
			productReference = 9FFD29B429A68DD200B08B4E /* AlgorithmTests.xctest */;
			productType = "com.apple.product-type.bundle.unit-test";
		};
		9FFD29BD29A68DD200B08B4E /* AlgorithmUITests */ = {
			isa = PBXNativeTarget;
			buildConfigurationList = 9FFD29CE29A68DD200B08B4E /* Build configuration list for PBXNativeTarget "AlgorithmUITests" */;
			buildPhases = (
				9FFD29BA29A68DD200B08B4E /* Sources */,
				9FFD29BB29A68DD200B08B4E /* Frameworks */,
				9FFD29BC29A68DD200B08B4E /* Resources */,
			);
			buildRules = (
			);
			dependencies = (
				9FFD29C029A68DD200B08B4E /* PBXTargetDependency */,
			);
			name = AlgorithmUITests;
			productName = AlgorithmUITests;
			productReference = 9FFD29BE29A68DD200B08B4E /* AlgorithmUITests.xctest */;
			productType = "com.apple.product-type.bundle.ui-testing";
		};
/* End PBXNativeTarget section */

/* Begin PBXProject section */
		9FFD299B29A68DD100B08B4E /* Project object */ = {
			isa = PBXProject;
			attributes = {
				BuildIndependentTargetsInParallel = 1;
				LastSwiftUpdateCheck = 1420;
				LastUpgradeCheck = 1500;
				TargetAttributes = {
					9FFD29A229A68DD100B08B4E = {
						CreatedOnToolsVersion = 14.2;
					};
					9FFD29B329A68DD200B08B4E = {
						CreatedOnToolsVersion = 14.2;
						TestTargetID = 9FFD29A229A68DD100B08B4E;
					};
					9FFD29BD29A68DD200B08B4E = {
						CreatedOnToolsVersion = 14.2;
						TestTargetID = 9FFD29A229A68DD100B08B4E;
					};
				};
			};
			buildConfigurationList = 9FFD299E29A68DD100B08B4E /* Build configuration list for PBXProject "Algorithm" */;
			compatibilityVersion = "Xcode 14.0";
			developmentRegion = en;
			hasScannedForEncodings = 0;
			knownRegions = (
				en,
				Base,
				"pt-BR",
			);
			mainGroup = 9FFD299A29A68DD100B08B4E;
			packageReferences = (
			);
			productRefGroup = 9FFD29A429A68DD100B08B4E /* Products */;
			projectDirPath = "";
			projectRoot = "";
			targets = (
				9FFD29A229A68DD100B08B4E /* Algorithm */,
				9FFD29B329A68DD200B08B4E /* AlgorithmTests */,
				9FFD29BD29A68DD200B08B4E /* AlgorithmUITests */,
			);
		};
/* End PBXProject section */

/* Begin PBXResourcesBuildPhase section */
		9FFD29A129A68DD100B08B4E /* Resources */ = {
			isa = PBXResourcesBuildPhase;
			buildActionMask = 2147483647;
			files = (
				9FFD29AF29A68DD200B08B4E /* Preview Assets.xcassets in Resources */,
				9FFD29AB29A68DD200B08B4E /* Assets.xcassets in Resources */,
			);
			runOnlyForDeploymentPostprocessing = 0;
		};
		9FFD29B229A68DD200B08B4E /* Resources */ = {
			isa = PBXResourcesBuildPhase;
			buildActionMask = 2147483647;
			files = (
			);
			runOnlyForDeploymentPostprocessing = 0;
		};
		9FFD29BC29A68DD200B08B4E /* Resources */ = {
			isa = PBXResourcesBuildPhase;
			buildActionMask = 2147483647;
			files = (
			);
			runOnlyForDeploymentPostprocessing = 0;
		};
/* End PBXResourcesBuildPhase section */

/* Begin PBXSourcesBuildPhase section */
		9FFD299F29A68DD100B08B4E /* Sources */ = {
			isa = PBXSourcesBuildPhase;
			buildActionMask = 2147483647;
			files = (
				9F8E59E22A3008FE0005C30E /* LaunchesView.swift in Sources */,
				9F7E5E792ACD00EC00130B34 /* Logger.swift in Sources */,
				9F11AD642A5388F7001D38A6 /* Attestation.swift in Sources */,
				9F7531F02ABD0D8500C17D60 /* Target.swift in Sources */,
				9FCA03B229B300CB00923DB7 /* BootView.swift in Sources */,
				9F3837322A8ED0D500489702 /* Device.swift in Sources */,
				9FFB125C2A31B6F200F58C84 /* NeanderView.swift in Sources */,
				9FFD29A929A68DD100B08B4E /* SettingsView.swift in Sources */,
				9F585E512A5F466F00CF13F6 /* Delegate.swift in Sources */,
				9F7E5E7B2ACD011F00130B34 /* Platform.swift in Sources */,
				9FFB125E2A31B74D00F58C84 /* ContentView.swift in Sources */,
				9FB9FC562ACB5423002837A6 /* Environment.swift in Sources */,
				9FBC3B9D2A33003700D65C29 /* BinaryView.swift in Sources */,
				9F021F9A2A30BA2000DD6390 /* Machine.swift in Sources */,
				9FFD29A729A68DD100B08B4E /* App.swift in Sources */,
				9F0A1B2E2AB67386006AF1D2 /* Defaults.swift in Sources */,
				9F7E5E7D2ACD296800130B34 /* Event.swift in Sources */,
				9FB9FC582ACB54D9002837A6 /* Application.swift in Sources */,
				9F4FE9252AD6078C003A9F8B /* UUID.swift in Sources */,
				9F5372A82A30883800B071CF /* Launch.swift in Sources */,
				9FCEE7032A5B033E008E12A1 /* Person.swift in Sources */,
				9F18E2082ABE17B400E2C8A9 /* LaunchRecordJSONFile.swift in Sources */,
				9FE05A952ACEC9A8004426F1 /* MACAddress.swift in Sources */,
				9F18E2062ABE16C300E2C8A9 /* LaunchRecord.swift in Sources */,
				9F5555AD2AC8C76C0088B553 /* AppInfo.swift in Sources */,
				9F83CC982A376DAE0033C136 /* Neander.swift in Sources */,
			);
			runOnlyForDeploymentPostprocessing = 0;
		};
		9FFD29B029A68DD200B08B4E /* Sources */ = {
			isa = PBXSourcesBuildPhase;
			buildActionMask = 2147483647;
			files = (
				9FFD29B929A68DD200B08B4E /* AlgorithmTests.swift in Sources */,
			);
			runOnlyForDeploymentPostprocessing = 0;
		};
		9FFD29BA29A68DD200B08B4E /* Sources */ = {
			isa = PBXSourcesBuildPhase;
			buildActionMask = 2147483647;
			files = (
				9FFD29C529A68DD200B08B4E /* AlgorithmUITestsLaunchTests.swift in Sources */,
				9FFD29C329A68DD200B08B4E /* AlgorithmUITests.swift in Sources */,
			);
			runOnlyForDeploymentPostprocessing = 0;
		};
/* End PBXSourcesBuildPhase section */

/* Begin PBXTargetDependency section */
		9FFD29B629A68DD200B08B4E /* PBXTargetDependency */ = {
			isa = PBXTargetDependency;
			target = 9FFD29A229A68DD100B08B4E /* Algorithm */;
			targetProxy = 9FFD29B529A68DD200B08B4E /* PBXContainerItemProxy */;
		};
		9FFD29C029A68DD200B08B4E /* PBXTargetDependency */ = {
			isa = PBXTargetDependency;
			target = 9FFD29A229A68DD100B08B4E /* Algorithm */;
			targetProxy = 9FFD29BF29A68DD200B08B4E /* PBXContainerItemProxy */;
		};
/* End PBXTargetDependency section */

/* Begin XCBuildConfiguration section */
		9FFD29C629A68DD200B08B4E /* Debug */ = {
			isa = XCBuildConfiguration;
			buildSettings = {
				ALWAYS_SEARCH_USER_PATHS = NO;
				ASSETCATALOG_COMPILER_GENERATE_SWIFT_ASSET_SYMBOL_EXTENSIONS = YES;
				CLANG_ANALYZER_LOCALIZABILITY_NONLOCALIZED = YES;
				CLANG_ANALYZER_NONNULL = YES;
				CLANG_ANALYZER_NUMBER_OBJECT_CONVERSION = YES_AGGRESSIVE;
				CLANG_CXX_LANGUAGE_STANDARD = "gnu++20";
				CLANG_ENABLE_MODULES = YES;
				CLANG_ENABLE_OBJC_ARC = YES;
				CLANG_ENABLE_OBJC_WEAK = YES;
				CLANG_WARN_BLOCK_CAPTURE_AUTORELEASING = YES;
				CLANG_WARN_BOOL_CONVERSION = YES;
				CLANG_WARN_COMMA = YES;
				CLANG_WARN_CONSTANT_CONVERSION = YES;
				CLANG_WARN_DEPRECATED_OBJC_IMPLEMENTATIONS = YES;
				CLANG_WARN_DIRECT_OBJC_ISA_USAGE = YES_ERROR;
				CLANG_WARN_DOCUMENTATION_COMMENTS = YES;
				CLANG_WARN_EMPTY_BODY = YES;
				CLANG_WARN_ENUM_CONVERSION = YES;
				CLANG_WARN_INFINITE_RECURSION = YES;
				CLANG_WARN_INT_CONVERSION = YES;
				CLANG_WARN_NON_LITERAL_NULL_CONVERSION = YES;
				CLANG_WARN_OBJC_IMPLICIT_RETAIN_SELF = YES;
				CLANG_WARN_OBJC_LITERAL_CONVERSION = YES;
				CLANG_WARN_OBJC_ROOT_CLASS = YES_ERROR;
				CLANG_WARN_QUOTED_INCLUDE_IN_FRAMEWORK_HEADER = YES;
				CLANG_WARN_RANGE_LOOP_ANALYSIS = YES;
				CLANG_WARN_STRICT_PROTOTYPES = YES;
				CLANG_WARN_SUSPICIOUS_MOVE = YES;
				CLANG_WARN_UNGUARDED_AVAILABILITY = YES_AGGRESSIVE;
				CLANG_WARN_UNREACHABLE_CODE = YES;
				CLANG_WARN__DUPLICATE_METHOD_MATCH = YES;
				COPY_PHASE_STRIP = NO;
				DEAD_CODE_STRIPPING = YES;
				DEBUG_INFORMATION_FORMAT = dwarf;
				ENABLE_STRICT_OBJC_MSGSEND = YES;
				ENABLE_TESTABILITY = YES;
				ENABLE_USER_SCRIPT_SANDBOXING = YES;
				GCC_C_LANGUAGE_STANDARD = gnu11;
				GCC_DYNAMIC_NO_PIC = NO;
				GCC_NO_COMMON_BLOCKS = YES;
				GCC_OPTIMIZATION_LEVEL = 0;
				GCC_PREPROCESSOR_DEFINITIONS = (
					"DEBUG=1",
					"$(inherited)",
				);
				GCC_WARN_64_TO_32_BIT_CONVERSION = YES;
				GCC_WARN_ABOUT_RETURN_TYPE = YES_ERROR;
				GCC_WARN_UNDECLARED_SELECTOR = YES;
				GCC_WARN_UNINITIALIZED_AUTOS = YES_AGGRESSIVE;
				GCC_WARN_UNUSED_FUNCTION = YES;
				GCC_WARN_UNUSED_VARIABLE = YES;
				MTL_ENABLE_DEBUG_INFO = INCLUDE_SOURCE;
				MTL_FAST_MATH = YES;
				ONLY_ACTIVE_ARCH = YES;
				SWIFT_ACTIVE_COMPILATION_CONDITIONS = DEBUG;
				SWIFT_OPTIMIZATION_LEVEL = "-Onone";
			};
			name = Debug;
		};
		9FFD29C729A68DD200B08B4E /* Release */ = {
			isa = XCBuildConfiguration;
			buildSettings = {
				ALWAYS_SEARCH_USER_PATHS = NO;
				ASSETCATALOG_COMPILER_GENERATE_SWIFT_ASSET_SYMBOL_EXTENSIONS = YES;
				CLANG_ANALYZER_LOCALIZABILITY_NONLOCALIZED = YES;
				CLANG_ANALYZER_NONNULL = YES;
				CLANG_ANALYZER_NUMBER_OBJECT_CONVERSION = YES_AGGRESSIVE;
				CLANG_CXX_LANGUAGE_STANDARD = "gnu++20";
				CLANG_ENABLE_MODULES = YES;
				CLANG_ENABLE_OBJC_ARC = YES;
				CLANG_ENABLE_OBJC_WEAK = YES;
				CLANG_WARN_BLOCK_CAPTURE_AUTORELEASING = YES;
				CLANG_WARN_BOOL_CONVERSION = YES;
				CLANG_WARN_COMMA = YES;
				CLANG_WARN_CONSTANT_CONVERSION = YES;
				CLANG_WARN_DEPRECATED_OBJC_IMPLEMENTATIONS = YES;
				CLANG_WARN_DIRECT_OBJC_ISA_USAGE = YES_ERROR;
				CLANG_WARN_DOCUMENTATION_COMMENTS = YES;
				CLANG_WARN_EMPTY_BODY = YES;
				CLANG_WARN_ENUM_CONVERSION = YES;
				CLANG_WARN_INFINITE_RECURSION = YES;
				CLANG_WARN_INT_CONVERSION = YES;
				CLANG_WARN_NON_LITERAL_NULL_CONVERSION = YES;
				CLANG_WARN_OBJC_IMPLICIT_RETAIN_SELF = YES;
				CLANG_WARN_OBJC_LITERAL_CONVERSION = YES;
				CLANG_WARN_OBJC_ROOT_CLASS = YES_ERROR;
				CLANG_WARN_QUOTED_INCLUDE_IN_FRAMEWORK_HEADER = YES;
				CLANG_WARN_RANGE_LOOP_ANALYSIS = YES;
				CLANG_WARN_STRICT_PROTOTYPES = YES;
				CLANG_WARN_SUSPICIOUS_MOVE = YES;
				CLANG_WARN_UNGUARDED_AVAILABILITY = YES_AGGRESSIVE;
				CLANG_WARN_UNREACHABLE_CODE = YES;
				CLANG_WARN__DUPLICATE_METHOD_MATCH = YES;
				COPY_PHASE_STRIP = NO;
				DEAD_CODE_STRIPPING = YES;
				DEBUG_INFORMATION_FORMAT = "dwarf-with-dsym";
				ENABLE_NS_ASSERTIONS = NO;
				ENABLE_STRICT_OBJC_MSGSEND = YES;
				ENABLE_USER_SCRIPT_SANDBOXING = YES;
				GCC_C_LANGUAGE_STANDARD = gnu11;
				GCC_NO_COMMON_BLOCKS = YES;
				GCC_WARN_64_TO_32_BIT_CONVERSION = YES;
				GCC_WARN_ABOUT_RETURN_TYPE = YES_ERROR;
				GCC_WARN_UNDECLARED_SELECTOR = YES;
				GCC_WARN_UNINITIALIZED_AUTOS = YES_AGGRESSIVE;
				GCC_WARN_UNUSED_FUNCTION = YES;
				GCC_WARN_UNUSED_VARIABLE = YES;
				MTL_ENABLE_DEBUG_INFO = NO;
				MTL_FAST_MATH = YES;
				SWIFT_COMPILATION_MODE = wholemodule;
				SWIFT_OPTIMIZATION_LEVEL = "-O";
			};
			name = Release;
		};
		9FFD29C929A68DD200B08B4E /* Debug */ = {
			isa = XCBuildConfiguration;
			buildSettings = {
				ASSETCATALOG_COMPILER_APPICON_NAME = AppIcon;
				ASSETCATALOG_COMPILER_GLOBAL_ACCENT_COLOR_NAME = AccentColor;
				CODE_SIGN_ENTITLEMENTS = Algorithm/Algorithm.entitlements;
				"CODE_SIGN_IDENTITY[sdk=macosx*]" = "Apple Development";
				CODE_SIGN_STYLE = Automatic;
				CURRENT_PROJECT_VERSION = 1;
				DEAD_CODE_STRIPPING = YES;
				DEVELOPMENT_ASSET_PATHS = "\"Algorithm/Preview Content\"";
				DEVELOPMENT_TEAM = 4HDBBU25PK;
				ENABLE_HARDENED_RUNTIME = YES;
				ENABLE_PREVIEWS = YES;
				GENERATE_INFOPLIST_FILE = YES;
				INFOPLIST_FILE = Algorithm/Info.plist;
				INFOPLIST_KEY_LSApplicationCategoryType = "public.app-category.education";
				INFOPLIST_KEY_UIApplicationSceneManifest_Generation = YES;
				"INFOPLIST_KEY_UIApplicationSceneManifest_Generation[sdk=iphoneos*]" = YES;
				"INFOPLIST_KEY_UIApplicationSceneManifest_Generation[sdk=iphonesimulator*]" = YES;
				"INFOPLIST_KEY_UIApplicationSupportsIndirectInputEvents[sdk=iphoneos*]" = YES;
				"INFOPLIST_KEY_UIApplicationSupportsIndirectInputEvents[sdk=iphonesimulator*]" = YES;
				"INFOPLIST_KEY_UILaunchScreen_Generation[sdk=iphoneos*]" = YES;
				"INFOPLIST_KEY_UILaunchScreen_Generation[sdk=iphonesimulator*]" = YES;
				"INFOPLIST_KEY_UIStatusBarStyle[sdk=iphoneos*]" = UIStatusBarStyleDefault;
				"INFOPLIST_KEY_UIStatusBarStyle[sdk=iphonesimulator*]" = UIStatusBarStyleDefault;
				INFOPLIST_KEY_UISupportedInterfaceOrientations = "UIInterfaceOrientationLandscapeLeft UIInterfaceOrientationLandscapeRight UIInterfaceOrientationPortrait";
				INFOPLIST_KEY_UISupportedInterfaceOrientations_iPad = "UIInterfaceOrientationLandscapeLeft UIInterfaceOrientationLandscapeRight UIInterfaceOrientationPortrait UIInterfaceOrientationPortraitUpsideDown";
				IPHONEOS_DEPLOYMENT_TARGET = 17.0;
				LD_RUNPATH_SEARCH_PATHS = "@executable_path/Frameworks";
				"LD_RUNPATH_SEARCH_PATHS[sdk=macosx*]" = "@executable_path/../Frameworks";
				MACOSX_DEPLOYMENT_TARGET = 14.0;
				MARKETING_VERSION = 0.1;
				PRODUCT_BUNDLE_IDENTIFIER = br.net.Ken.algorithm;
				PRODUCT_NAME = "$(TARGET_NAME)";
				SDKROOT = auto;
				SUPPORTED_PLATFORMS = "iphoneos iphonesimulator macosx xros xrsimulator";
				SUPPORTS_MACCATALYST = NO;
				SWIFT_EMIT_LOC_STRINGS = YES;
				SWIFT_VERSION = 5.0;
				TARGETED_DEVICE_FAMILY = "1,2,7";
			};
			name = Debug;
		};
		9FFD29CA29A68DD200B08B4E /* Release */ = {
			isa = XCBuildConfiguration;
			buildSettings = {
				ASSETCATALOG_COMPILER_APPICON_NAME = AppIcon;
				ASSETCATALOG_COMPILER_GLOBAL_ACCENT_COLOR_NAME = AccentColor;
				CODE_SIGN_ENTITLEMENTS = Algorithm/Algorithm.entitlements;
				"CODE_SIGN_IDENTITY[sdk=macosx*]" = "Apple Development";
				CODE_SIGN_STYLE = Automatic;
				CURRENT_PROJECT_VERSION = 1;
				DEAD_CODE_STRIPPING = YES;
				DEVELOPMENT_ASSET_PATHS = "\"Algorithm/Preview Content\"";
				DEVELOPMENT_TEAM = 4HDBBU25PK;
				ENABLE_HARDENED_RUNTIME = YES;
				ENABLE_PREVIEWS = YES;
				GENERATE_INFOPLIST_FILE = YES;
				INFOPLIST_FILE = Algorithm/Info.plist;
				INFOPLIST_KEY_LSApplicationCategoryType = "public.app-category.education";
				INFOPLIST_KEY_UIApplicationSceneManifest_Generation = YES;
				"INFOPLIST_KEY_UIApplicationSceneManifest_Generation[sdk=iphoneos*]" = YES;
				"INFOPLIST_KEY_UIApplicationSceneManifest_Generation[sdk=iphonesimulator*]" = YES;
				"INFOPLIST_KEY_UIApplicationSupportsIndirectInputEvents[sdk=iphoneos*]" = YES;
				"INFOPLIST_KEY_UIApplicationSupportsIndirectInputEvents[sdk=iphonesimulator*]" = YES;
				"INFOPLIST_KEY_UILaunchScreen_Generation[sdk=iphoneos*]" = YES;
				"INFOPLIST_KEY_UILaunchScreen_Generation[sdk=iphonesimulator*]" = YES;
				"INFOPLIST_KEY_UIStatusBarStyle[sdk=iphoneos*]" = UIStatusBarStyleDefault;
				"INFOPLIST_KEY_UIStatusBarStyle[sdk=iphonesimulator*]" = UIStatusBarStyleDefault;
				INFOPLIST_KEY_UISupportedInterfaceOrientations = "UIInterfaceOrientationLandscapeLeft UIInterfaceOrientationLandscapeRight UIInterfaceOrientationPortrait";
				INFOPLIST_KEY_UISupportedInterfaceOrientations_iPad = "UIInterfaceOrientationLandscapeLeft UIInterfaceOrientationLandscapeRight UIInterfaceOrientationPortrait UIInterfaceOrientationPortraitUpsideDown";
				IPHONEOS_DEPLOYMENT_TARGET = 17.0;
				LD_RUNPATH_SEARCH_PATHS = "@executable_path/Frameworks";
				"LD_RUNPATH_SEARCH_PATHS[sdk=macosx*]" = "@executable_path/../Frameworks";
				MACOSX_DEPLOYMENT_TARGET = 14.0;
				MARKETING_VERSION = 0.1;
				PRODUCT_BUNDLE_IDENTIFIER = br.net.Ken.algorithm;
				PRODUCT_NAME = "$(TARGET_NAME)";
				SDKROOT = auto;
				SUPPORTED_PLATFORMS = "iphoneos iphonesimulator macosx xros xrsimulator";
				SUPPORTS_MACCATALYST = NO;
				SWIFT_EMIT_LOC_STRINGS = YES;
				SWIFT_VERSION = 5.0;
				TARGETED_DEVICE_FAMILY = "1,2,7";
			};
			name = Release;
		};
		9FFD29CC29A68DD200B08B4E /* Debug */ = {
			isa = XCBuildConfiguration;
			buildSettings = {
				ALWAYS_EMBED_SWIFT_STANDARD_LIBRARIES = YES;
				BUNDLE_LOADER = "$(TEST_HOST)";
				CODE_SIGN_STYLE = Automatic;
				CURRENT_PROJECT_VERSION = 1;
				DEAD_CODE_STRIPPING = YES;
				DEVELOPMENT_TEAM = 4HDBBU25PK;
				GENERATE_INFOPLIST_FILE = YES;
				IPHONEOS_DEPLOYMENT_TARGET = 16.2;
				MACOSX_DEPLOYMENT_TARGET = 13.3;
				MARKETING_VERSION = 1.0;
				PRODUCT_BUNDLE_IDENTIFIER = br.net.Ken.AlgorithmTests;
				PRODUCT_NAME = "$(TARGET_NAME)";
				SDKROOT = auto;
				SUPPORTED_PLATFORMS = "iphoneos iphonesimulator macosx xros xrsimulator";
				SUPPORTS_MACCATALYST = NO;
				SWIFT_EMIT_LOC_STRINGS = NO;
				SWIFT_VERSION = 5.0;
				TARGETED_DEVICE_FAMILY = "1,2,7";
				TEST_HOST = "$(BUILT_PRODUCTS_DIR)/Algorithm.app/$(BUNDLE_EXECUTABLE_FOLDER_PATH)/Algorithm";
			};
			name = Debug;
		};
		9FFD29CD29A68DD200B08B4E /* Release */ = {
			isa = XCBuildConfiguration;
			buildSettings = {
				ALWAYS_EMBED_SWIFT_STANDARD_LIBRARIES = YES;
				BUNDLE_LOADER = "$(TEST_HOST)";
				CODE_SIGN_STYLE = Automatic;
				CURRENT_PROJECT_VERSION = 1;
				DEAD_CODE_STRIPPING = YES;
				DEVELOPMENT_TEAM = 4HDBBU25PK;
				GENERATE_INFOPLIST_FILE = YES;
				IPHONEOS_DEPLOYMENT_TARGET = 16.2;
				MACOSX_DEPLOYMENT_TARGET = 13.3;
				MARKETING_VERSION = 1.0;
				PRODUCT_BUNDLE_IDENTIFIER = br.net.Ken.AlgorithmTests;
				PRODUCT_NAME = "$(TARGET_NAME)";
				SDKROOT = auto;
				SUPPORTED_PLATFORMS = "iphoneos iphonesimulator macosx xros xrsimulator";
				SUPPORTS_MACCATALYST = NO;
				SWIFT_EMIT_LOC_STRINGS = NO;
				SWIFT_VERSION = 5.0;
				TARGETED_DEVICE_FAMILY = "1,2,7";
				TEST_HOST = "$(BUILT_PRODUCTS_DIR)/Algorithm.app/$(BUNDLE_EXECUTABLE_FOLDER_PATH)/Algorithm";
			};
			name = Release;
		};
		9FFD29CF29A68DD200B08B4E /* Debug */ = {
			isa = XCBuildConfiguration;
			buildSettings = {
				ALWAYS_EMBED_SWIFT_STANDARD_LIBRARIES = YES;
				CODE_SIGN_STYLE = Automatic;
				CURRENT_PROJECT_VERSION = 1;
				DEAD_CODE_STRIPPING = YES;
				DEVELOPMENT_TEAM = 4HDBBU25PK;
				GENERATE_INFOPLIST_FILE = YES;
				IPHONEOS_DEPLOYMENT_TARGET = 16.2;
				MACOSX_DEPLOYMENT_TARGET = 13.3;
				MARKETING_VERSION = 1.0;
				PRODUCT_BUNDLE_IDENTIFIER = br.net.Ken.AlgorithmUITests;
				PRODUCT_NAME = "$(TARGET_NAME)";
				SDKROOT = auto;
				SUPPORTED_PLATFORMS = "iphoneos iphonesimulator macosx xros xrsimulator";
				SUPPORTS_MACCATALYST = NO;
				SWIFT_EMIT_LOC_STRINGS = NO;
				SWIFT_VERSION = 5.0;
				TARGETED_DEVICE_FAMILY = "1,2,7";
				TEST_TARGET_NAME = Algorithm;
			};
			name = Debug;
		};
		9FFD29D029A68DD200B08B4E /* Release */ = {
			isa = XCBuildConfiguration;
			buildSettings = {
				ALWAYS_EMBED_SWIFT_STANDARD_LIBRARIES = YES;
				CODE_SIGN_STYLE = Automatic;
				CURRENT_PROJECT_VERSION = 1;
				DEAD_CODE_STRIPPING = YES;
				DEVELOPMENT_TEAM = 4HDBBU25PK;
				GENERATE_INFOPLIST_FILE = YES;
				IPHONEOS_DEPLOYMENT_TARGET = 16.2;
				MACOSX_DEPLOYMENT_TARGET = 13.3;
				MARKETING_VERSION = 1.0;
				PRODUCT_BUNDLE_IDENTIFIER = br.net.Ken.AlgorithmUITests;
				PRODUCT_NAME = "$(TARGET_NAME)";
				SDKROOT = auto;
				SUPPORTED_PLATFORMS = "iphoneos iphonesimulator macosx xros xrsimulator";
				SUPPORTS_MACCATALYST = NO;
				SWIFT_EMIT_LOC_STRINGS = NO;
				SWIFT_VERSION = 5.0;
				TARGETED_DEVICE_FAMILY = "1,2,7";
				TEST_TARGET_NAME = Algorithm;
			};
			name = Release;
		};
/* End XCBuildConfiguration section */

/* Begin XCConfigurationList section */
		9FFD299E29A68DD100B08B4E /* Build configuration list for PBXProject "Algorithm" */ = {
			isa = XCConfigurationList;
			buildConfigurations = (
				9FFD29C629A68DD200B08B4E /* Debug */,
				9FFD29C729A68DD200B08B4E /* Release */,
			);
			defaultConfigurationIsVisible = 0;
			defaultConfigurationName = Release;
		};
		9FFD29C829A68DD200B08B4E /* Build configuration list for PBXNativeTarget "Algorithm" */ = {
			isa = XCConfigurationList;
			buildConfigurations = (
				9FFD29C929A68DD200B08B4E /* Debug */,
				9FFD29CA29A68DD200B08B4E /* Release */,
			);
			defaultConfigurationIsVisible = 0;
			defaultConfigurationName = Release;
		};
		9FFD29CB29A68DD200B08B4E /* Build configuration list for PBXNativeTarget "AlgorithmTests" */ = {
			isa = XCConfigurationList;
			buildConfigurations = (
				9FFD29CC29A68DD200B08B4E /* Debug */,
				9FFD29CD29A68DD200B08B4E /* Release */,
			);
			defaultConfigurationIsVisible = 0;
			defaultConfigurationName = Release;
		};
		9FFD29CE29A68DD200B08B4E /* Build configuration list for PBXNativeTarget "AlgorithmUITests" */ = {
			isa = XCConfigurationList;
			buildConfigurations = (
				9FFD29CF29A68DD200B08B4E /* Debug */,
				9FFD29D029A68DD200B08B4E /* Release */,
			);
			defaultConfigurationIsVisible = 0;
			defaultConfigurationName = Release;
		};
/* End XCConfigurationList section */
	};
	rootObject = 9FFD299B29A68DD100B08B4E /* Project object */;
}
